{
  "name": "coc-bot",
  "version": "1.0.0",
  "lockfileVersion": 3,
  "requires": true,
  "packages": {
    "": {
      "name": "coc-bot",
      "version": "1.0.0",
      "license": "MIT",
      "dependencies": {
        "gxlg-asyncdb": "^1.5.5",
        "gxlg-utils": "^1.1.2",
        "nullcord": "^3.1.0"
      }
    },
    "node_modules/gxlg-asyncdb": {
      "version": "1.5.5",
      "resolved": "https://registry.npmjs.org/gxlg-asyncdb/-/gxlg-asyncdb-1.5.5.tgz",
      "integrity": "sha512-ZVK1A142b6ET1kgLRwhsmIsv3XiBASoBXeJVK8LlPawhiNtB0oqkFbrOh+tAjxHDmCcZOc3/rtxSKsEETUGRJg==",
      "dependencies": {
        "gxlg-utils": "^1.1.2"
      }
    },
    "node_modules/gxlg-utils": {
      "version": "1.2.0",
      "resolved": "https://registry.npmjs.org/gxlg-utils/-/gxlg-utils-1.2.0.tgz",
      "integrity": "sha512-4poVVhAjY1jqerlnFtbQtX7uOp180xNkSDetWeh9XiT3l7JlhwzKMKxn9rrJfx8Or+jgZ95Ci0lZcTCmbpxUag=="
    },
    "node_modules/nullcord": {
      "version": "3.1.0",
      "resolved": "https://registry.npmjs.org/nullcord/-/nullcord-3.1.0.tgz",
      "integrity": "sha512-pC/+pAnz5Q4qrQK3rMDIvl26DJz9UvTyTsoSFFYUPQzKRy/wUJdVxFCOCPYBr9Zd1GJ2PZ1kq10J2aY7pAEGNQ==",
      "dependencies": {
        "gxlg-utils": "^1.2.0",
        "ws": "^8.16.0"
      }
    },
    "node_modules/ws": {
      "version": "8.16.0",
      "resolved": "https://registry.npmjs.org/ws/-/ws-8.16.0.tgz",
      "integrity": "sha512-HS0c//TP7Ina87TfiPUz1rQzMhHrl/SG2guqRcTOIUYD2q8uhUdNHZYJUaQ8aTGPzCh+c6oawMKW35nFl1dxyQ==",
      "engines": {
        "node": ">=10.0.0"
      },
      "peerDependencies": {
        "bufferutil": "^4.0.1",
        "utf-8-validate": ">=5.0.2"
      },
      "peerDependenciesMeta": {
        "bufferutil": {
          "optional": true
        },
        "utf-8-validate": {
          "optional": true
        }
      }
    }
  }
}
